
Microsoft Visual Studio Solution File, Format Version 12.00
# Visual Studio Version 18
VisualStudioVersion = 18.5.11801.241 oobstable
MinimumVisualStudioVersion = 10.0.40219.1
Project("{FAE04EC0-301F-11D3-BF4B-00C04F79EFBC}") = "Sklad", "Sklad.csproj", "{F8DF101D-3BB9-7D83-E2C6-9283A7F356C3}"
EndProject
Global
	GlobalSection(SolutionConfigurationPlatforms) = preSolution
		Debug|Any CPU = Debug|Any CPU
		Release|Any CPU = Release|Any CPU
	EndGlobalSection
	GlobalSection(ProjectConfigurationPlatforms) = postSolution
		{F8DF101D-3BB9-7D83-E2C6-9283A7F356C3}.Debug|Any CPU.ActiveCfg = Debug|Any CPU
		{F8DF101D-3BB9-7D83-E2C6-9283A7F356C3}.Debug|Any CPU.Build.0 = Debug|Any CPU
		{F8DF101D-3BB9-7D83-E2C6-9283A7F356C3}.Release|Any CPU.ActiveCfg = Release|Any CPU
		{F8DF101D-3BB9-7D83-E2C6-9283A7F356C3}.Release|Any CPU.Build.0 = Release|Any CPU
	EndGlobalSection
	GlobalSection(SolutionProperties) = preSolution
		HideSolutionNode = FALSE
	EndGlobalSection
	GlobalSection(ExtensibilityGlobals) = postSolution
		SolutionGuid = {4B60D82B-E4ED-4465-97AD-FF53CED9BC41}
	EndGlobalSection
EndGlobal
